<?xml version="1.0" encoding="utf-8"?>
<Project ToolsVersion="4.0" xmlns="http://schemas.microsoft.com/developer/msbuild/2003">
  <ItemGroup>
    <Filter Include="소스 파일">
      <UniqueIdentifier>{4FC737F1-C7A5-4376-A066-2A32D752A2FF}</UniqueIdentifier>
      <Extensions>cpp;c;cc;cxx;c++;cppm;ixx;def;odl;idl;hpj;bat;asm;asmx</Extensions>
    </Filter>
    <Filter Include="헤더 파일">
      <UniqueIdentifier>{93995380-89BD-4b04-88EB-625FBE52EBFB}</UniqueIdentifier>
      <Extensions>h;hh;hpp;hxx;h++;hm;inl;inc;ipp;xsd</Extensions>
    </Filter>
    <Filter Include="리소스 파일">
      <UniqueIdentifier>{67DA6AB6-F800-4c08-8B7A-83BB121AAD01}</UniqueIdentifier>
      <Extensions>rc;ico;cur;bmp;dlg;rc2;rct;bin;rgs;gif;jpg;jpeg;jpe;resx;tiff;tif;png;wav;mfcribbon-ms</Extensions>
    </Filter>
    <Filter Include="소스 파일\render">
      <UniqueIdentifier>{934534a2-6c57-4308-911a-0f1ba404ebd2}</UniqueIdentifier>
    </Filter>
  </ItemGroup>
  <ItemGroup>
    <ClCompile Include="..\brew.c">
      <Filter>소스 파일</Filter>
    </ClCompile>
    <ClCompile Include="..\customer.c">
      <Filter>소스 파일</Filter>
    </ClCompile>
    <ClCompile Include="..\game.c">
      <Filter>소스 파일</Filter>
    </ClCompile>
    <ClCompile Include="..\main.c">
      <Filter>소스 파일</Filter>
    </ClCompile>
    <ClCompile Include="..\save.c">
      <Filter>소스 파일</Filter>
    </ClCompile>
    <ClCompile Include="..\upgrade.c">
      <Filter>소스 파일</Filter>
    </ClCompile>
    <ClCompile Include="..\shop.c">
      <Filter>소스 파일</Filter>
    </ClCompile>
    <ClCompile Include="..\render.c">
      <Filter>소스 파일\render</Filter>
    </ClCompile>
    <ClCompile Include="render_ingame.c">
      <Filter>소스 파일\render</Filter>
    </ClCompile>
  </ItemGroup>
  <ItemGroup>
    <ClInclude Include="..\common.h">
      <Filter>헤더 파일</Filter>
    </ClInclude>
    <ClInclude Include="..\customer.h">
      <Filter>헤더 파일</Filter>
    </ClInclude>
    <ClInclude Include="..\save.h">
      <Filter>헤더 파일</Filter>
    </ClInclude>
    <ClInclude Include="..\game.h">
      <Filter>헤더 파일</Filter>
    </ClInclude>
    <ClInclude Include="..\shop.h">
      <Filter>헤더 파일</Filter>
    </ClInclude>
    <ClInclude Include="..\render.h">
      <Filter>헤더 파일</Filter>
    </ClInclude>
  </ItemGroup>
  <ItemGroup>
    <None Include=".gitignore" />
  </ItemGroup>
  <ItemGroup>
    <Font Include="..\font.ttf">
      <Filter>소스 파일</Filter>
    </Font>
  </ItemGroup>
  <ItemGroup>
    <Image Include="background.png">
      <Filter>리소스 파일</Filter>
    </Image>
    <Image Include="customer_0.bmp">
      <Filter>리소스 파일</Filter>
    </Image>
    <Image Include="customer_1.bmp">
      <Filter>리소스 파일</Filter>
    </Image>
    <Image Include="customer_2.bmp">
      <Filter>리소스 파일</Filter>
    </Image>
    <Image Include="shop_slot.png">
      <Filter>리소스 파일</Filter>
    </Image>
    <Image Include="shop_machine.png">
      <Filter>리소스 파일</Filter>
    </Image>
  </ItemGroup>
</Project>